
Microsoft Visual Studio Solution File, Format Version 12.00
# Visual Studio 2013
VisualStudioVersion = 12.0.31101.0
MinimumVisualStudioVersion = 10.0.40219.1
Project("{8BC9CEB8-8B4A-11D0-8D11-00A0C91BC942}") = "opgave3.2", "opgave3.2\opgave3.2.vcxproj", "{678276FB-03B4-495E-83F5-0EAF921125A1}"
EndProject
Project("{8BC9CEB8-8B4A-11D0-8D11-00A0C91BC942}") = "opgave3.3", "opgave3.3\opgave3.3.vcxproj", "{B7D573A3-DAF8-409C-B66D-0D3B915754BE}"
EndProject
Project("{8BC9CEB8-8B4A-11D0-8D11-00A0C91BC942}") = "opgave3.4", "opgave3.4\opgave3.4.vcxproj", "{FE8A986E-F0BA-4F07-88A5-3EAB4C8D615E}"
EndProject
Project("{8BC9CEB8-8B4A-11D0-8D11-00A0C91BC942}") = "opgave3.5", "opgave3.5\opgave3.5.vcxproj", "{12CAF807-4616-4350-9FEF-ECFDF6B4FBE4}"
EndProject
Project("{8BC9CEB8-8B4A-11D0-8D11-00A0C91BC942}") = "opgave3.6", "opgave3.6\opgave3.6.vcxproj", "{2BEAFD43-0483-4D3A-9CE6-7D10ABD64EFB}"
EndProject
Global
	GlobalSection(SolutionConfigurationPlatforms) = preSolution
		Debug|Win32 = Debug|Win32
		Release|Win32 = Release|Win32
	EndGlobalSection
	GlobalSection(ProjectConfigurationPlatforms) = postSolution
		{678276FB-03B4-495E-83F5-0EAF921125A1}.Debug|Win32.ActiveCfg = Debug|Win32
		{678276FB-03B4-495E-83F5-0EAF921125A1}.Debug|Win32.Build.0 = Debug|Win32
		{678276FB-03B4-495E-83F5-0EAF921125A1}.Release|Win32.ActiveCfg = Release|Win32
		{678276FB-03B4-495E-83F5-0EAF921125A1}.Release|Win32.Build.0 = Release|Win32
		{B7D573A3-DAF8-409C-B66D-0D3B915754BE}.Debug|Win32.ActiveCfg = Debug|Win32
		{B7D573A3-DAF8-409C-B66D-0D3B915754BE}.Debug|Win32.Build.0 = Debug|Win32
		{B7D573A3-DAF8-409C-B66D-0D3B915754BE}.Release|Win32.ActiveCfg = Release|Win32
		{B7D573A3-DAF8-409C-B66D-0D3B915754BE}.Release|Win32.Build.0 = Release|Win32
		{FE8A986E-F0BA-4F07-88A5-3EAB4C8D615E}.Debug|Win32.ActiveCfg = Debug|Win32
		{FE8A986E-F0BA-4F07-88A5-3EAB4C8D615E}.Debug|Win32.Build.0 = Debug|Win32
		{FE8A986E-F0BA-4F07-88A5-3EAB4C8D615E}.Release|Win32.ActiveCfg = Release|Win32
		{FE8A986E-F0BA-4F07-88A5-3EAB4C8D615E}.Release|Win32.Build.0 = Release|Win32
		{12CAF807-4616-4350-9FEF-ECFDF6B4FBE4}.Debug|Win32.ActiveCfg = Debug|Win32
		{12CAF807-4616-4350-9FEF-ECFDF6B4FBE4}.Debug|Win32.Build.0 = Debug|Win32
		{12CAF807-4616-4350-9FEF-ECFDF6B4FBE4}.Release|Win32.ActiveCfg = Release|Win32
		{12CAF807-4616-4350-9FEF-ECFDF6B4FBE4}.Release|Win32.Build.0 = Release|Win32
		{2BEAFD43-0483-4D3A-9CE6-7D10ABD64EFB}.Debug|Win32.ActiveCfg = Debug|Win32
		{2BEAFD43-0483-4D3A-9CE6-7D10ABD64EFB}.Debug|Win32.Build.0 = Debug|Win32
		{2BEAFD43-0483-4D3A-9CE6-7D10ABD64EFB}.Release|Win32.ActiveCfg = Release|Win32
		{2BEAFD43-0483-4D3A-9CE6-7D10ABD64EFB}.Release|Win32.Build.0 = Release|Win32
	EndGlobalSection
	GlobalSection(SolutionProperties) = preSolution
		HideSolutionNode = FALSE
	EndGlobalSection
EndGlobal
